// !$*UTF8*$!
{
	archiveVersion = 1;
	classes = {
	};
	objectVersion = 46;
	objects = {

/* Begin PBXBuildFile section */
		29B559F256E8C9D454A21F98 /* Pods_Tumblr.framework in Frameworks */ = {isa = PBXBuildFile; fileRef = 66AD5B7D5325352F385BF121 /* Pods_Tumblr.framework */; };
		4985197F1F6A263B00AAC252 /* PhotoCell.swift in Sources */ = {isa = PBXBuildFile; fileRef = 4985197E1F6A263B00AAC252 /* PhotoCell.swift */; };
		498519811F6A2F4B00AAC252 /* DetailViewController.swift in Sources */ = {isa = PBXBuildFile; fileRef = 498519801F6A2F4B00AAC252 /* DetailViewController.swift */; };
		49F052F31F6A1FBE00D5E78A /* AppDelegate.swift in Sources */ = {isa = PBXBuildFile; fileRef = 49F052F21F6A1FBE00D5E78A /* AppDelegate.swift */; };
		49F052F51F6A1FBE00D5E78A /* PhotosViewController.swift in Sources */ = {isa = PBXBuildFile; fileRef = 49F052F41F6A1FBE00D5E78A /* PhotosViewController.swift */; };
		49F052F81F6A1FBE00D5E78A /* Main.storyboard in Resources */ = {isa = PBXBuildFile; fileRef = 49F052F61F6A1FBE00D5E78A /* Main.storyboard */; };
		49F052FA1F6A1FBE00D5E78A /* Assets.xcassets in Resources */ = {isa = PBXBuildFile; fileRef = 49F052F91F6A1FBE00D5E78A /* Assets.xcassets */; };
		49F052FD1F6A1FBE00D5E78A /* LaunchScreen.storyboard in Resources */ = {isa = PBXBuildFile; fileRef = 49F052FB1F6A1FBE00D5E78A /* LaunchScreen.storyboard */; };
/* End PBXBuildFile section */

/* Begin PBXFileReference section */
		4985197E1F6A263B00AAC252 /* PhotoCell.swift */ = {isa = PBXFileReference; fileEncoding = 4; lastKnownFileType = sourcecode.swift; path = PhotoCell.swift; sourceTree = "<group>"; };
		498519801F6A2F4B00AAC252 /* DetailViewController.swift */ = {isa = PBXFileReference; fileEncoding = 4; lastKnownFileType = sourcecode.swift; path = DetailViewController.swift; sourceTree = "<group>"; };
		49F052EF1F6A1FBE00D5E78A /* Tumblr.app */ = {isa = PBXFileReference; explicitFileType = wrapper.application; includeInIndex = 0; path = Tumblr.app; sourceTree = BUILT_PRODUCTS_DIR; };
		49F052F21F6A1FBE00D5E78A /* AppDelegate.swift */ = {isa = PBXFileReference; lastKnownFileType = sourcecode.swift; path = AppDelegate.swift; sourceTree = "<group>"; };
		49F052F41F6A1FBE00D5E78A /* PhotosViewController.swift */ = {isa = PBXFileReference; lastKnownFileType = sourcecode.swift; path = PhotosViewController.swift; sourceTree = "<group>"; };
		49F052F71F6A1FBE00D5E78A /* Base */ = {isa = PBXFileReference; lastKnownFileType = file.storyboard; name = Base; path = Base.lproj/Main.storyboard; sourceTree = "<group>"; };
		49F052F91F6A1FBE00D5E78A /* Assets.xcassets */ = {isa = PBXFileReference; lastKnownFileType = folder.assetcatalog; path = Assets.xcassets; sourceTree = "<group>"; };
		49F052FC1F6A1FBE00D5E78A /* Base */ = {isa = PBXFileReference; lastKnownFileType = file.storyboard; name = Base; path = Base.lproj/LaunchScreen.storyboard; sourceTree = "<group>"; };
		49F052FE1F6A1FBE00D5E78A /* Info.plist */ = {isa = PBXFileReference; lastKnownFileType = text.plist.xml; path = Info.plist; sourceTree = "<group>"; };
		66AD5B7D5325352F385BF121 /* Pods_Tumblr.framework */ = {isa = PBXFileReference; explicitFileType = wrapper.framework; includeInIndex = 0; path = Pods_Tumblr.framework; sourceTree = BUILT_PRODUCTS_DIR; };
		82595C0D3F7F74ABC70430B0 /* Pods-Tumblr.release.xcconfig */ = {isa = PBXFileReference; includeInIndex = 1; lastKnownFileType = text.xcconfig; name = "Pods-Tumblr.release.xcconfig"; path = "Pods/Target Support Files/Pods-Tumblr/Pods-Tumblr.release.xcconfig"; sourceTree = "<group>"; };
		85E53EAB90BFEEB90D57AC5C /* Pods-Tumblr.debug.xcconfig */ = {isa = PBXFileReference; includeInIndex = 1; lastKnownFileType = text.xcconfig; name = "Pods-Tumblr.debug.xcconfig"; path = "Pods/Target Support Files/Pods-Tumblr/Pods-Tumblr.debug.xcconfig"; sourceTree = "<group>"; };
/* End PBXFileReference section */

/* Begin PBXFrameworksBuildPhase section */
		49F052EC1F6A1FBE00D5E78A /* Frameworks */ = {
			isa = PBXFrameworksBuildPhase;
			buildActionMask = 2147483647;
			files = (
				29B559F256E8C9D454A21F98 /* Pods_Tumblr.framework in Frameworks */,
			);
			runOnlyForDeploymentPostprocessing = 0;
		};
/* End PBXFrameworksBuildPhase section */

/* Begin PBXGroup section */
		49F052E61F6A1FBE00D5E78A = {
			isa = PBXGroup;
			children = (
				49F052F11F6A1FBE00D5E78A /* Tumblr */,
				49F052F01F6A1FBE00D5E78A /* Products */,
				F13CC5EE498C35F76FCD4E8D /* Pods */,
				843B2E3ECA01F5484F829CCD /* Frameworks */,
			);
			sourceTree = "<group>";
		};
		49F052F01F6A1FBE00D5E78A /* Products */ = {
			isa = PBXGroup;
			children = (
				49F052EF1F6A1FBE00D5E78A /* Tumblr.app */,
			);
			name = Products;
			sourceTree = "<group>";
		};
		49F052F11F6A1FBE00D5E78A /* Tumblr */ = {
			isa = PBXGroup;
			children = (
				49F052F21F6A1FBE00D5E78A /* AppDelegate.swift */,
				49F052F41F6A1FBE00D5E78A /* PhotosViewController.swift */,
				498519801F6A2F4B00AAC252 /* DetailViewController.swift */,
				4985197E1F6A263B00AAC252 /* PhotoCell.swift */,
				49F052F61F6A1FBE00D5E78A /* Main.storyboard */,
				49F052F91F6A1FBE00D5E78A /* Assets.xcassets */,
				49F052FB1F6A1FBE00D5E78A /* LaunchScreen.storyboard */,
				49F052FE1F6A1FBE00D5E78A /* Info.plist */,
			);
			path = Tumblr;
			sourceTree = "<group>";
		};
		843B2E3ECA01F5484F829CCD /* Frameworks */ = {
			isa = PBXGroup;
			children = (
				66AD5B7D5325352F385BF121 /* Pods_Tumblr.framework */,
			);
			name = Frameworks;
			sourceTree = "<group>";
		};
		F13CC5EE498C35F76FCD4E8D /* Pods */ = {
			isa = PBXGroup;
			children = (
				85E53EAB90BFEEB90D57AC5C /* Pods-Tumblr.debug.xcconfig */,
				82595C0D3F7F74ABC70430B0 /* Pods-Tumblr.release.xcconfig */,
			);
			name = Pods;
			sourceTree = "<group>";
		};
/* End PBXGroup section */

/* Begin PBXNativeTarget section */
		49F052EE1F6A1FBE00D5E78A /* Tumblr */ = {
			isa = PBXNativeTarget;
			buildConfigurationList = 49F053011F6A1FBE00D5E78A /* Build configuration list for PBXNativeTarget "Tumblr" */;
			buildPhases = (
				7D3C5B7D562AF9E49EAF56B2 /* [CP] Check Pods Manifest.lock */,
				49F052EB1F6A1FBE00D5E78A /* Sources */,
				49F052EC1F6A1FBE00D5E78A /* Frameworks */,
				49F052ED1F6A1FBE00D5E78A /* Resources */,
				A273D65ED9F0098349A6E6C8 /* [CP] Embed Pods Frameworks */,
				0F9673249CEF7A6228795C9B /* [CP] Copy Pods Resources */,
			);
			buildRules = (
			);
			dependencies = (
			);
			name = Tumblr;
			productName = Tumblr;
			productReference = 49F052EF1F6A1FBE00D5E78A /* Tumblr.app */;
			productType = "com.apple.product-type.application";
		};
/* End PBXNativeTarget section */

/* Begin PBXProject section */
		49F052E71F6A1FBE00D5E78A /* Project object */ = {
			isa = PBXProject;
			attributes = {
				LastSwiftUpdateCheck = 0830;
				LastUpgradeCheck = 0830;
				ORGANIZATIONNAME = com.AliMir;
				TargetAttributes = {
					49F052EE1F6A1FBE00D5E78A = {
						CreatedOnToolsVersion = 8.3.3;
						DevelopmentTeam = 396S2E45WK;
						ProvisioningStyle = Automatic;
					};
				};
			};
			buildConfigurationList = 49F052EA1F6A1FBE00D5E78A /* Build configuration list for PBXProject "Tumblr" */;
			compatibilityVersion = "Xcode 3.2";
			developmentRegion = English;
			hasScannedForEncodings = 0;
			knownRegions = (
				en,
				Base,
			);
			mainGroup = 49F052E61F6A1FBE00D5E78A;
			productRefGroup = 49F052F01F6A1FBE00D5E78A /* Products */;
			projectDirPath = "";
			projectRoot = "";
			targets = (
				49F052EE1F6A1FBE00D5E78A /* Tumblr */,
			);
		};
/* End PBXProject section */

/* Begin PBXResourcesBuildPhase section */
		49F052ED1F6A1FBE00D5E78A /* Resources */ = {
			isa = PBXResourcesBuildPhase;
			buildActionMask = 2147483647;
			files = (
				49F052FD1F6A1FBE00D5E78A /* LaunchScreen.storyboard in Resources */,
				49F052FA1F6A1FBE00D5E78A /* Assets.xcassets in Resources */,
				49F052F81F6A1FBE00D5E78A /* Main.storyboard in Resources */,
			);
			runOnlyForDeploymentPostprocessing = 0;
		};
/* End PBXResourcesBuildPhase section */

/* Begin PBXShellScriptBuildPhase section */
		0F9673249CEF7A6228795C9B /* [CP] Copy Pods Resources */ = {
			isa = PBXShellScriptBuildPhase;
			buildActionMask = 2147483647;
			files = (
			);
			inputPaths = (
			);
			name = "[CP] Copy Pods Resources";
			outputPaths = (
			);
			runOnlyForDeploymentPostprocessing = 0;
			shellPath = /bin/sh;
			shellScript = "\"${SRCROOT}/Pods/Target Support Files/Pods-Tumblr/Pods-Tumblr-resources.sh\"\n";
			showEnvVarsInLog = 0;
		};
		7D3C5B7D562AF9E49EAF56B2 /* [CP] Check Pods Manifest.lock */ = {
			isa = PBXShellScriptBuildPhase;
			buildActionMask = 2147483647;
			files = (
			);
			inputPaths = (
			);
			name = "[CP] Check Pods Manifest.lock";
			outputPaths = (
			);
			runOnlyForDeploymentPostprocessing = 0;
			shellPath = /bin/sh;
			shellScript = "diff \"${PODS_ROOT}/../Podfile.lock\" \"${PODS_ROOT}/Manifest.lock\" > /dev/null\nif [ $? != 0 ] ; then\n    # print error to STDERR\n    echo \"error: The sandbox is not in sync with the Podfile.lock. Run 'pod install' or update your CocoaPods installation.\" >&2\n    exit 1\nfi\n";
			showEnvVarsInLog = 0;
		};
		A273D65ED9F0098349A6E6C8 /* [CP] Embed Pods Frameworks */ = {
			isa = PBXShellScriptBuildPhase;
			buildActionMask = 2147483647;
			files = (
			);
			inputPaths = (
			);
			name = "[CP] Embed Pods Frameworks";
			outputPaths = (
			);
			runOnlyForDeploymentPostprocessing = 0;
			shellPath = /bin/sh;
			shellScript = "\"${SRCROOT}/Pods/Target Support Files/Pods-Tumblr/Pods-Tumblr-frameworks.sh\"\n";
			showEnvVarsInLog = 0;
		};
/* End PBXShellScriptBuildPhase section */

/* Begin PBXSourcesBuildPhase section */
		49F052EB1F6A1FBE00D5E78A /* Sources */ = {
			isa = PBXSourcesBuildPhase;
			buildActionMask = 2147483647;
			files = (
				49F052F51F6A1FBE00D5E78A /* PhotosViewController.swift in Sources */,
				4985197F1F6A263B00AAC252 /* PhotoCell.swift in Sources */,
				49F052F31F6A1FBE00D5E78A /* AppDelegate.swift in Sources */,
				498519811F6A2F4B00AAC252 /* DetailViewController.swift in Sources */,
			);
			runOnlyForDeploymentPostprocessing = 0;
		};
/* End PBXSourcesBuildPhase section */

/* Begin PBXVariantGroup section */
		49F052F61F6A1FBE00D5E78A /* Main.storyboard */ = {
			isa = PBXVariantGroup;
			children = (
				49F052F71F6A1FBE00D5E78A /* Base */,
			);
			name = Main.storyboard;
			sourceTree = "<group>";
		};
		49F052FB1F6A1FBE00D5E78A /* LaunchScreen.storyboard */ = {
			isa = PBXVariantGroup;
			children = (
				49F052FC1F6A1FBE00D5E78A /* Base */,
			);
			name = LaunchScreen.storyboard;
			sourceTree = "<group>";
		};
/* End PBXVariantGroup section */

/* Begin XCBuildConfiguration section */
		49F052FF1F6A1FBE00D5E78A /* Debug */ = {
			isa = XCBuildConfiguration;
			buildSettings = {
				ALWAYS_SEARCH_USER_PATHS = NO;
				CLANG_ANALYZER_NONNULL = YES;
				CLANG_ANALYZER_NUMBER_OBJECT_CONVERSION = YES_AGGRESSIVE;
				CLANG_CXX_LANGUAGE_STANDARD = "gnu++0x";
				CLANG_CXX_LIBRARY = "libc++";
				CLANG_ENABLE_MODULES = YES;
				CLANG_ENABLE_OBJC_ARC = YES;
				CLANG_WARN_BOOL_CONVERSION = YES;
				CLANG_WARN_CONSTANT_CONVERSION = YES;
				CLANG_WARN_DIRECT_OBJC_ISA_USAGE = YES_ERROR;
				CLANG_WARN_DOCUMENTATION_COMMENTS = YES;
				CLANG_WARN_EMPTY_BODY = YES;
				CLANG_WARN_ENUM_CONVERSION = YES;
				CLANG_WARN_INFINITE_RECURSION = YES;
				CLANG_WARN_INT_CONVERSION = YES;
				CLANG_WARN_OBJC_ROOT_CLASS = YES_ERROR;
				CLANG_WARN_SUSPICIOUS_MOVE = YES;
				CLANG_WARN_UNREACHABLE_CODE = YES;
				CLANG_WARN__DUPLICATE_METHOD_MATCH = YES;
				"CODE_SIGN_IDENTITY[sdk=iphoneos*]" = "iPhone Developer";
				COPY_PHASE_STRIP = NO;
				DEBUG_INFORMATION_FORMAT = dwarf;
				ENABLE_STRICT_OBJC_MSGSEND = YES;
				ENABLE_TESTABILITY = YES;
				GCC_C_LANGUAGE_STANDARD = gnu99;
				GCC_DYNAMIC_NO_PIC = NO;
				GCC_NO_COMMON_BLOCKS = YES;
				GCC_OPTIMIZATION_LEVEL = 0;
				GCC_PREPROCESSOR_DEFINITIONS = (
					"DEBUG=1",
					"$(inherited)",
				);
				GCC_WARN_64_TO_32_BIT_CONVERSION = YES;
				GCC_WARN_ABOUT_RETURN_TYPE = YES_ERROR;
				GCC_WARN_UNDECLARED_SELECTOR = YES;
				GCC_WARN_UNINITIALIZED_AUTOS = YES_AGGRESSIVE;
				GCC_WARN_UNUSED_FUNCTION = YES;
				GCC_WARN_UNUSED_VARIABLE = YES;
				IPHONEOS_DEPLOYMENT_TARGET = 10.3;
				MTL_ENABLE_DEBUG_INFO = YES;
				ONLY_ACTIVE_ARCH = YES;
				SDKROOT = iphoneos;
				SWIFT_ACTIVE_COMPILATION_CONDITIONS = DEBUG;
				SWIFT_OPTIMIZATION_LEVEL = "-Onone";
			};
			name = Debug;
		};
		49F053001F6A1FBE00D5E78A /* Release */ = {
			isa = XCBuildConfiguration;
			buildSettings = {
				ALWAYS_SEARCH_USER_PATHS = NO;
				CLANG_ANALYZER_NONNULL = YES;
				CLANG_ANALYZER_NUMBER_OBJECT_CONVERSION = YES_AGGRESSIVE;
				CLANG_CXX_LANGUAGE_STANDARD = "gnu++0x";
				CLANG_CXX_LIBRARY = "libc++";
				CLANG_ENABLE_MODULES = YES;
				CLANG_ENABLE_OBJC_ARC = YES;
				CLANG_WARN_BOOL_CONVERSION = YES;
				CLANG_WARN_CONSTANT_CONVERSION = YES;
				CLANG_WARN_DIRECT_OBJC_ISA_USAGE = YES_ERROR;
				CLANG_WARN_DOCUMENTATION_COMMENTS = YES;
				CLANG_WARN_EMPTY_BODY = YES;
				CLANG_WARN_ENUM_CONVERSION = YES;
				CLANG_WARN_INFINITE_RECURSION = YES;
				CLANG_WARN_INT_CONVERSION = YES;
				CLANG_WARN_OBJC_ROOT_CLASS = YES_ERROR;
				CLANG_WARN_SUSPICIOUS_MOVE = YES;
				CLANG_WARN_UNREACHABLE_CODE = YES;
				CLANG_WARN__DUPLICATE_METHOD_MATCH = YES;
				"CODE_SIGN_IDENTITY[sdk=iphoneos*]" = "iPhone Developer";
				COPY_PHASE_STRIP = NO;
				DEBUG_INFORMATION_FORMAT = "dwarf-with-dsym";
				ENABLE_NS_ASSERTIONS = NO;
				ENABLE_STRICT_OBJC_MSGSEND = YES;
				GCC_C_LANGUAGE_STANDARD = gnu99;
				GCC_NO_COMMON_BLOCKS = YES;
				GCC_WARN_64_TO_32_BIT_CONVERSION = YES;
				GCC_WARN_ABOUT_RETURN_TYPE = YES_ERROR;
				GCC_WARN_UNDECLARED_SELECTOR = YES;
				GCC_WARN_UNINITIALIZED_AUTOS = YES_AGGRESSIVE;
				GCC_WARN_UNUSED_FUNCTION = YES;
				GCC_WARN_UNUSED_VARIABLE = YES;
				IPHONEOS_DEPLOYMENT_TARGET = 10.3;
				MTL_ENABLE_DEBUG_INFO = NO;
				SDKROOT = iphoneos;
				SWIFT_OPTIMIZATION_LEVEL = "-Owholemodule";
				VALIDATE_PRODUCT = YES;
			};
			name = Release;
		};
		49F053021F6A1FBE00D5E78A /* Debug */ = {
			isa = XCBuildConfiguration;
			baseConfigurationReference = 85E53EAB90BFEEB90D57AC5C /* Pods-Tumblr.debug.xcconfig */;
			buildSettings = {
				ASSETCATALOG_COMPILER_APPICON_NAME = AppIcon;
				"CODE_SIGN_IDENTITY[sdk=iphoneos*]" = "iPhone Developer";
				DEVELOPMENT_TEAM = 396S2E45WK;
				INFOPLIST_FILE = Tumblr/Info.plist;
				LD_RUNPATH_SEARCH_PATHS = "$(inherited) @executable_path/Frameworks";
				PRODUCT_BUNDLE_IDENTIFIER = com.Tumblr;
				PRODUCT_NAME = "$(TARGET_NAME)";
				PROVISIONING_PROFILE_SPECIFIER = "";
				SWIFT_VERSION = 3.0;
			};
			name = Debug;
		};
		49F053031F6A1FBE00D5E78A /* Release */ = {
			isa = XCBuildConfiguration;
			baseConfigurationReference = 82595C0D3F7F74ABC70430B0 /* Pods-Tumblr.release.xcconfig */;
			buildSettings = {
				ASSETCATALOG_COMPILER_APPICON_NAME = AppIcon;
				"CODE_SIGN_IDENTITY[sdk=iphoneos*]" = "iPhone Developer";
				DEVELOPMENT_TEAM = 396S2E45WK;
				INFOPLIST_FILE = Tumblr/Info.plist;
				LD_RUNPATH_SEARCH_PATHS = "$(inherited) @executable_path/Frameworks";
				PRODUCT_BUNDLE_IDENTIFIER = com.Tumblr;
				PRODUCT_NAME = "$(TARGET_NAME)";
				PROVISIONING_PROFILE_SPECIFIER = "";
				SWIFT_VERSION = 3.0;
			};
			name = Release;
		};
/* End XCBuildConfiguration section */

/* Begin XCConfigurationList section */
		49F052EA1F6A1FBE00D5E78A /* Build configuration list for PBXProject "Tumblr" */ = {
			isa = XCConfigurationList;
			buildConfigurations = (
				49F052FF1F6A1FBE00D5E78A /* Debug */,
				49F053001F6A1FBE00D5E78A /* Release */,
			);
			defaultConfigurationIsVisible = 0;
			defaultConfigurationName = Release;
		};
		49F053011F6A1FBE00D5E78A /* Build configuration list for PBXNativeTarget "Tumblr" */ = {
			isa = XCConfigurationList;
			buildConfigurations = (
				49F053021F6A1FBE00D5E78A /* Debug */,
				49F053031F6A1FBE00D5E78A /* Release */,
			);
			defaultConfigurationIsVisible = 0;
			defaultConfigurationName = Release;
		};
/* End XCConfigurationList section */
	};
	rootObject = 49F052E71F6A1FBE00D5E78A /* Project object */;
}
